// !$*UTF8*$!
{
	archiveVersion = 1;
	classes = {
	};
	objectVersion = 48;
	objects = {

/* Begin PBXBuildFile section */
		162F65E9208CC90800E7D0C3 /* FinalProjectTests.swift in Sources */ = {isa = PBXBuildFile; fileRef = 162F65E8208CC90800E7D0C3 /* FinalProjectTests.swift */; };
		162F65F1208CCE5700E7D0C3 /* NetworkUtils.swift in Sources */ = {isa = PBXBuildFile; fileRef = 162F65F0208CCE5700E7D0C3 /* NetworkUtils.swift */; };
		162F65F3208CD28400E7D0C3 /* wu_response.json in Resources */ = {isa = PBXBuildFile; fileRef = 162F65F2208CD28400E7D0C3 /* wu_response.json */; };
		162F65F5208F040600E7D0C3 /* WeatherData.swift in Sources */ = {isa = PBXBuildFile; fileRef = 162F65F4208F040600E7D0C3 /* WeatherData.swift */; };
		1648D7AD208CAA8D00C698C5 /* AppDelegate.swift in Sources */ = {isa = PBXBuildFile; fileRef = 1648D7AC208CAA8D00C698C5 /* AppDelegate.swift */; };
		1648D7AF208CAA8D00C698C5 /* HomeViewController.swift in Sources */ = {isa = PBXBuildFile; fileRef = 1648D7AE208CAA8D00C698C5 /* HomeViewController.swift */; };
		1648D7B2208CAA8D00C698C5 /* Main.storyboard in Resources */ = {isa = PBXBuildFile; fileRef = 1648D7B0208CAA8D00C698C5 /* Main.storyboard */; };
		1648D7B4208CAA8D00C698C5 /* Assets.xcassets in Resources */ = {isa = PBXBuildFile; fileRef = 1648D7B3208CAA8D00C698C5 /* Assets.xcassets */; };
		1648D7B7208CAA8D00C698C5 /* LaunchScreen.storyboard in Resources */ = {isa = PBXBuildFile; fileRef = 1648D7B5208CAA8D00C698C5 /* LaunchScreen.storyboard */; };
		6D806110CAEF6E730060B5CC /* Pods_FinalProject.framework in Frameworks */ = {isa = PBXBuildFile; fileRef = 9AFC5CE4F6A36F06FFF65382 /* Pods_FinalProject.framework */; };
/* End PBXBuildFile section */

/* Begin PBXContainerItemProxy section */
		162F65EB208CC90800E7D0C3 /* PBXContainerItemProxy */ = {
			isa = PBXContainerItemProxy;
			containerPortal = 1648D7A1208CAA8D00C698C5 /* Project object */;
			proxyType = 1;
			remoteGlobalIDString = 1648D7A8208CAA8D00C698C5;
			remoteInfo = FinalProject;
		};
/* End PBXContainerItemProxy section */

/* Begin PBXFileReference section */
		162F65E6208CC90800E7D0C3 /* FinalProjectTests.xctest */ = {isa = PBXFileReference; explicitFileType = wrapper.cfbundle; includeInIndex = 0; path = FinalProjectTests.xctest; sourceTree = BUILT_PRODUCTS_DIR; };
		162F65E8208CC90800E7D0C3 /* FinalProjectTests.swift */ = {isa = PBXFileReference; lastKnownFileType = sourcecode.swift; path = FinalProjectTests.swift; sourceTree = "<group>"; };
		162F65EA208CC90800E7D0C3 /* Info.plist */ = {isa = PBXFileReference; lastKnownFileType = text.plist.xml; path = Info.plist; sourceTree = "<group>"; };
		162F65F0208CCE5700E7D0C3 /* NetworkUtils.swift */ = {isa = PBXFileReference; lastKnownFileType = sourcecode.swift; path = NetworkUtils.swift; sourceTree = "<group>"; };
		162F65F2208CD28400E7D0C3 /* wu_response.json */ = {isa = PBXFileReference; lastKnownFileType = text.json; path = wu_response.json; sourceTree = "<group>"; };
		162F65F4208F040600E7D0C3 /* WeatherData.swift */ = {isa = PBXFileReference; lastKnownFileType = sourcecode.swift; path = WeatherData.swift; sourceTree = "<group>"; };
		1648D7A9208CAA8D00C698C5 /* FinalProject.app */ = {isa = PBXFileReference; explicitFileType = wrapper.application; includeInIndex = 0; path = FinalProject.app; sourceTree = BUILT_PRODUCTS_DIR; };
		1648D7AC208CAA8D00C698C5 /* AppDelegate.swift */ = {isa = PBXFileReference; lastKnownFileType = sourcecode.swift; path = AppDelegate.swift; sourceTree = "<group>"; };
		1648D7AE208CAA8D00C698C5 /* HomeViewController.swift */ = {isa = PBXFileReference; lastKnownFileType = sourcecode.swift; path = HomeViewController.swift; sourceTree = "<group>"; };
		1648D7B1208CAA8D00C698C5 /* Base */ = {isa = PBXFileReference; lastKnownFileType = file.storyboard; name = Base; path = Base.lproj/Main.storyboard; sourceTree = "<group>"; };
		1648D7B3208CAA8D00C698C5 /* Assets.xcassets */ = {isa = PBXFileReference; lastKnownFileType = folder.assetcatalog; path = Assets.xcassets; sourceTree = "<group>"; };
		1648D7B6208CAA8D00C698C5 /* Base */ = {isa = PBXFileReference; lastKnownFileType = file.storyboard; name = Base; path = Base.lproj/LaunchScreen.storyboard; sourceTree = "<group>"; };
		1648D7B8208CAA8D00C698C5 /* Info.plist */ = {isa = PBXFileReference; lastKnownFileType = text.plist.xml; path = Info.plist; sourceTree = "<group>"; };
		9AFC5CE4F6A36F06FFF65382 /* Pods_FinalProject.framework */ = {isa = PBXFileReference; explicitFileType = wrapper.framework; includeInIndex = 0; path = Pods_FinalProject.framework; sourceTree = BUILT_PRODUCTS_DIR; };
		BD2C8A3D708B9B3FE09F355A /* Pods-FinalProject.debug.xcconfig */ = {isa = PBXFileReference; includeInIndex = 1; lastKnownFileType = text.xcconfig; name = "Pods-FinalProject.debug.xcconfig"; path = "Pods/Target Support Files/Pods-FinalProject/Pods-FinalProject.debug.xcconfig"; sourceTree = "<group>"; };
		D18A2AEABC5EAF28774F6115 /* Pods-FinalProject.release.xcconfig */ = {isa = PBXFileReference; includeInIndex = 1; lastKnownFileType = text.xcconfig; name = "Pods-FinalProject.release.xcconfig"; path = "Pods/Target Support Files/Pods-FinalProject/Pods-FinalProject.release.xcconfig"; sourceTree = "<group>"; };
/* End PBXFileReference section */

/* Begin PBXFrameworksBuildPhase section */
		162F65E3208CC90800E7D0C3 /* Frameworks */ = {
			isa = PBXFrameworksBuildPhase;
			buildActionMask = 2147483647;
			files = (
			);
			runOnlyForDeploymentPostprocessing = 0;
		};
		1648D7A6208CAA8D00C698C5 /* Frameworks */ = {
			isa = PBXFrameworksBuildPhase;
			buildActionMask = 2147483647;
			files = (
				6D806110CAEF6E730060B5CC /* Pods_FinalProject.framework in Frameworks */,
			);
			runOnlyForDeploymentPostprocessing = 0;
		};
/* End PBXFrameworksBuildPhase section */

/* Begin PBXGroup section */
		162F65E7208CC90800E7D0C3 /* FinalProjectTests */ = {
			isa = PBXGroup;
			children = (
				162F65E8208CC90800E7D0C3 /* FinalProjectTests.swift */,
				162F65EA208CC90800E7D0C3 /* Info.plist */,
				162F65F2208CD28400E7D0C3 /* wu_response.json */,
			);
			path = FinalProjectTests;
			sourceTree = "<group>";
		};
		1648D7A0208CAA8D00C698C5 = {
			isa = PBXGroup;
			children = (
				1648D7AB208CAA8D00C698C5 /* FinalProject */,
				162F65E7208CC90800E7D0C3 /* FinalProjectTests */,
				1648D7AA208CAA8D00C698C5 /* Products */,
				4676238A0AD82E2ACDB4265A /* Pods */,
				52FD6F94A51FBFC46F7DC66A /* Frameworks */,
			);
			sourceTree = "<group>";
		};
		1648D7AA208CAA8D00C698C5 /* Products */ = {
			isa = PBXGroup;
			children = (
				1648D7A9208CAA8D00C698C5 /* FinalProject.app */,
				162F65E6208CC90800E7D0C3 /* FinalProjectTests.xctest */,
			);
			name = Products;
			sourceTree = "<group>";
		};
		1648D7AB208CAA8D00C698C5 /* FinalProject */ = {
			isa = PBXGroup;
			children = (
				1648D7AE208CAA8D00C698C5 /* HomeViewController.swift */,
				1648D7B0208CAA8D00C698C5 /* Main.storyboard */,
				1648D7BE208CAAAA00C698C5 /* Supporting Files */,
				1648D7B8208CAA8D00C698C5 /* Info.plist */,
				162F65F0208CCE5700E7D0C3 /* NetworkUtils.swift */,
				162F65F4208F040600E7D0C3 /* WeatherData.swift */,
			);
			path = FinalProject;
			sourceTree = "<group>";
		};
		1648D7BE208CAAAA00C698C5 /* Supporting Files */ = {
			isa = PBXGroup;
			children = (
				1648D7AC208CAA8D00C698C5 /* AppDelegate.swift */,
				1648D7B3208CAA8D00C698C5 /* Assets.xcassets */,
				1648D7B5208CAA8D00C698C5 /* LaunchScreen.storyboard */,
			);
			path = "Supporting Files";
			sourceTree = "<group>";
		};
		4676238A0AD82E2ACDB4265A /* Pods */ = {
			isa = PBXGroup;
			children = (
				BD2C8A3D708B9B3FE09F355A /* Pods-FinalProject.debug.xcconfig */,
				D18A2AEABC5EAF28774F6115 /* Pods-FinalProject.release.xcconfig */,
			);
			name = Pods;
			sourceTree = "<group>";
		};
		52FD6F94A51FBFC46F7DC66A /* Frameworks */ = {
			isa = PBXGroup;
			children = (
				9AFC5CE4F6A36F06FFF65382 /* Pods_FinalProject.framework */,
			);
			name = Frameworks;
			sourceTree = "<group>";
		};
/* End PBXGroup section */

/* Begin PBXNativeTarget section */
		162F65E5208CC90800E7D0C3 /* FinalProjectTests */ = {
			isa = PBXNativeTarget;
			buildConfigurationList = 162F65EF208CC90800E7D0C3 /* Build configuration list for PBXNativeTarget "FinalProjectTests" */;
			buildPhases = (
				162F65E2208CC90800E7D0C3 /* Sources */,
				162F65E3208CC90800E7D0C3 /* Frameworks */,
				162F65E4208CC90800E7D0C3 /* Resources */,
			);
			buildRules = (
			);
			dependencies = (
				162F65EC208CC90800E7D0C3 /* PBXTargetDependency */,
			);
			name = FinalProjectTests;
			productName = FinalProjectTests;
			productReference = 162F65E6208CC90800E7D0C3 /* FinalProjectTests.xctest */;
			productType = "com.apple.product-type.bundle.unit-test";
		};
		1648D7A8208CAA8D00C698C5 /* FinalProject */ = {
			isa = PBXNativeTarget;
			buildConfigurationList = 1648D7BB208CAA8D00C698C5 /* Build configuration list for PBXNativeTarget "FinalProject" */;
			buildPhases = (
				CB914993E2BAB0529E42650E /* [CP] Check Pods Manifest.lock */,
				1648D7A5208CAA8D00C698C5 /* Sources */,
				1648D7A6208CAA8D00C698C5 /* Frameworks */,
				1648D7A7208CAA8D00C698C5 /* Resources */,
				0F427F8AAA20DBCD8E45FC6E /* [CP] Embed Pods Frameworks */,
			);
			buildRules = (
			);
			dependencies = (
			);
			name = FinalProject;
			productName = FinalProject;
			productReference = 1648D7A9208CAA8D00C698C5 /* FinalProject.app */;
			productType = "com.apple.product-type.application";
		};
/* End PBXNativeTarget section */

/* Begin PBXProject section */
		1648D7A1208CAA8D00C698C5 /* Project object */ = {
			isa = PBXProject;
			attributes = {
				LastSwiftUpdateCheck = 0900;
				LastUpgradeCheck = 0900;
				ORGANIZATIONNAME = "Alon Shprung";
				TargetAttributes = {
					162F65E5208CC90800E7D0C3 = {
						CreatedOnToolsVersion = 9.0;
						ProvisioningStyle = Automatic;
						TestTargetID = 1648D7A8208CAA8D00C698C5;
					};
					1648D7A8208CAA8D00C698C5 = {
						CreatedOnToolsVersion = 9.0;
						ProvisioningStyle = Automatic;
					};
				};
			};
			buildConfigurationList = 1648D7A4208CAA8D00C698C5 /* Build configuration list for PBXProject "FinalProject" */;
			compatibilityVersion = "Xcode 8.0";
			developmentRegion = en;
			hasScannedForEncodings = 0;
			knownRegions = (
				en,
				Base,
			);
			mainGroup = 1648D7A0208CAA8D00C698C5;
			productRefGroup = 1648D7AA208CAA8D00C698C5 /* Products */;
			projectDirPath = "";
			projectRoot = "";
			targets = (
				1648D7A8208CAA8D00C698C5 /* FinalProject */,
				162F65E5208CC90800E7D0C3 /* FinalProjectTests */,
			);
		};
/* End PBXProject section */

/* Begin PBXResourcesBuildPhase section */
		162F65E4208CC90800E7D0C3 /* Resources */ = {
			isa = PBXResourcesBuildPhase;
			buildActionMask = 2147483647;
			files = (
				162F65F3208CD28400E7D0C3 /* wu_response.json in Resources */,
			);
			runOnlyForDeploymentPostprocessing = 0;
		};
		1648D7A7208CAA8D00C698C5 /* Resources */ = {
			isa = PBXResourcesBuildPhase;
			buildActionMask = 2147483647;
			files = (
				1648D7B7208CAA8D00C698C5 /* LaunchScreen.storyboard in Resources */,
				1648D7B4208CAA8D00C698C5 /* Assets.xcassets in Resources */,
				1648D7B2208CAA8D00C698C5 /* Main.storyboard in Resources */,
			);
			runOnlyForDeploymentPostprocessing = 0;
		};
/* End PBXResourcesBuildPhase section */

/* Begin PBXShellScriptBuildPhase section */
		0F427F8AAA20DBCD8E45FC6E /* [CP] Embed Pods Frameworks */ = {
			isa = PBXShellScriptBuildPhase;
			buildActionMask = 2147483647;
			files = (
			);
			inputPaths = (
				"${SRCROOT}/Pods/Target Support Files/Pods-FinalProject/Pods-FinalProject-frameworks.sh",
				"${BUILT_PRODUCTS_DIR}/Alamofire/Alamofire.framework",
				"${BUILT_PRODUCTS_DIR}/Cache/Cache.framework",
				"${BUILT_PRODUCTS_DIR}/Kingfisher/Kingfisher.framework",
				"${BUILT_PRODUCTS_DIR}/MBProgressHUD/MBProgressHUD.framework",
				"${BUILT_PRODUCTS_DIR}/VideoSplashKit/VideoSplashKit.framework",
			);
			name = "[CP] Embed Pods Frameworks";
			outputPaths = (
				"${TARGET_BUILD_DIR}/${FRAMEWORKS_FOLDER_PATH}/Alamofire.framework",
				"${TARGET_BUILD_DIR}/${FRAMEWORKS_FOLDER_PATH}/Cache.framework",
				"${TARGET_BUILD_DIR}/${FRAMEWORKS_FOLDER_PATH}/Kingfisher.framework",
				"${TARGET_BUILD_DIR}/${FRAMEWORKS_FOLDER_PATH}/MBProgressHUD.framework",
				"${TARGET_BUILD_DIR}/${FRAMEWORKS_FOLDER_PATH}/VideoSplashKit.framework",
			);
			runOnlyForDeploymentPostprocessing = 0;
			shellPath = /bin/sh;
			shellScript = "\"${SRCROOT}/Pods/Target Support Files/Pods-FinalProject/Pods-FinalProject-frameworks.sh\"\n";
			showEnvVarsInLog = 0;
		};
		CB914993E2BAB0529E42650E /* [CP] Check Pods Manifest.lock */ = {
			isa = PBXShellScriptBuildPhase;
			buildActionMask = 2147483647;
			files = (
			);
			inputPaths = (
				"${PODS_PODFILE_DIR_PATH}/Podfile.lock",
				"${PODS_ROOT}/Manifest.lock",
			);
			name = "[CP] Check Pods Manifest.lock";
			outputPaths = (
				"$(DERIVED_FILE_DIR)/Pods-FinalProject-checkManifestLockResult.txt",
			);
			runOnlyForDeploymentPostprocessing = 0;
			shellPath = /bin/sh;
			shellScript = "diff \"${PODS_PODFILE_DIR_PATH}/Podfile.lock\" \"${PODS_ROOT}/Manifest.lock\" > /dev/null\nif [ $? != 0 ] ; then\n    # print error to STDERR\n    echo \"error: The sandbox is not in sync with the Podfile.lock. Run 'pod install' or update your CocoaPods installation.\" >&2\n    exit 1\nfi\n# This output is used by Xcode 'outputs' to avoid re-running this script phase.\necho \"SUCCESS\" > \"${SCRIPT_OUTPUT_FILE_0}\"\n";
			showEnvVarsInLog = 0;
		};
/* End PBXShellScriptBuildPhase section */

/* Begin PBXSourcesBuildPhase section */
		162F65E2208CC90800E7D0C3 /* Sources */ = {
			isa = PBXSourcesBuildPhase;
			buildActionMask = 2147483647;
			files = (
				162F65E9208CC90800E7D0C3 /* FinalProjectTests.swift in Sources */,
			);
			runOnlyForDeploymentPostprocessing = 0;
		};
		1648D7A5208CAA8D00C698C5 /* Sources */ = {
			isa = PBXSourcesBuildPhase;
			buildActionMask = 2147483647;
			files = (
				1648D7AF208CAA8D00C698C5 /* HomeViewController.swift in Sources */,
				1648D7AD208CAA8D00C698C5 /* AppDelegate.swift in Sources */,
				162F65F5208F040600E7D0C3 /* WeatherData.swift in Sources */,
				162F65F1208CCE5700E7D0C3 /* NetworkUtils.swift in Sources */,
			);
			runOnlyForDeploymentPostprocessing = 0;
		};
/* End PBXSourcesBuildPhase section */

/* Begin PBXTargetDependency section */
		162F65EC208CC90800E7D0C3 /* PBXTargetDependency */ = {
			isa = PBXTargetDependency;
			target = 1648D7A8208CAA8D00C698C5 /* FinalProject */;
			targetProxy = 162F65EB208CC90800E7D0C3 /* PBXContainerItemProxy */;
		};
/* End PBXTargetDependency section */

/* Begin PBXVariantGroup section */
		1648D7B0208CAA8D00C698C5 /* Main.storyboard */ = {
			isa = PBXVariantGroup;
			children = (
				1648D7B1208CAA8D00C698C5 /* Base */,
			);
			name = Main.storyboard;
			sourceTree = "<group>";
		};
		1648D7B5208CAA8D00C698C5 /* LaunchScreen.storyboard */ = {
			isa = PBXVariantGroup;
			children = (
				1648D7B6208CAA8D00C698C5 /* Base */,
			);
			name = LaunchScreen.storyboard;
			sourceTree = "<group>";
		};
/* End PBXVariantGroup section */

/* Begin XCBuildConfiguration section */
		162F65ED208CC90800E7D0C3 /* Debug */ = {
			isa = XCBuildConfiguration;
			buildSettings = {
				BUNDLE_LOADER = "$(TEST_HOST)";
				CODE_SIGN_STYLE = Automatic;
				DEVELOPMENT_TEAM = 4WCHB3P8BK;
				INFOPLIST_FILE = FinalProjectTests/Info.plist;
				LD_RUNPATH_SEARCH_PATHS = "$(inherited) @executable_path/Frameworks @loader_path/Frameworks";
				PRODUCT_BUNDLE_IDENTIFIER = com.cherrypick.FinalProjectTests;
				PRODUCT_NAME = "$(TARGET_NAME)";
				SWIFT_VERSION = 4.0;
				TARGETED_DEVICE_FAMILY = "1,2";
				TEST_HOST = "$(BUILT_PRODUCTS_DIR)/FinalProject.app/FinalProject";
			};
			name = Debug;
		};
		162F65EE208CC90800E7D0C3 /* Release */ = {
			isa = XCBuildConfiguration;
			buildSettings = {
				BUNDLE_LOADER = "$(TEST_HOST)";
				CODE_SIGN_STYLE = Automatic;
				DEVELOPMENT_TEAM = 4WCHB3P8BK;
				INFOPLIST_FILE = FinalProjectTests/Info.plist;
				LD_RUNPATH_SEARCH_PATHS = "$(inherited) @executable_path/Frameworks @loader_path/Frameworks";
				PRODUCT_BUNDLE_IDENTIFIER = com.cherrypick.FinalProjectTests;
				PRODUCT_NAME = "$(TARGET_NAME)";
				SWIFT_VERSION = 4.0;
				TARGETED_DEVICE_FAMILY = "1,2";
				TEST_HOST = "$(BUILT_PRODUCTS_DIR)/FinalProject.app/FinalProject";
			};
			name = Release;
		};
		1648D7B9208CAA8D00C698C5 /* Debug */ = {
			isa = XCBuildConfiguration;
			buildSettings = {
				ALWAYS_SEARCH_USER_PATHS = NO;
				CLANG_ANALYZER_NONNULL = YES;
				CLANG_ANALYZER_NUMBER_OBJECT_CONVERSION = YES_AGGRESSIVE;
				CLANG_CXX_LANGUAGE_STANDARD = "gnu++14";
				CLANG_CXX_LIBRARY = "libc++";
				CLANG_ENABLE_MODULES = YES;
				CLANG_ENABLE_OBJC_ARC = YES;
				CLANG_WARN_BLOCK_CAPTURE_AUTORELEASING = YES;
				CLANG_WARN_BOOL_CONVERSION = YES;
				CLANG_WARN_COMMA = YES;
				CLANG_WARN_CONSTANT_CONVERSION = YES;
				CLANG_WARN_DIRECT_OBJC_ISA_USAGE = YES_ERROR;
				CLANG_WARN_DOCUMENTATION_COMMENTS = YES;
				CLANG_WARN_EMPTY_BODY = YES;
				CLANG_WARN_ENUM_CONVERSION = YES;
				CLANG_WARN_INFINITE_RECURSION = YES;
				CLANG_WARN_INT_CONVERSION = YES;
				CLANG_WARN_NON_LITERAL_NULL_CONVERSION = YES;
				CLANG_WARN_OBJC_LITERAL_CONVERSION = YES;
				CLANG_WARN_OBJC_ROOT_CLASS = YES_ERROR;
				CLANG_WARN_RANGE_LOOP_ANALYSIS = YES;
				CLANG_WARN_STRICT_PROTOTYPES = YES;
				CLANG_WARN_SUSPICIOUS_MOVE = YES;
				CLANG_WARN_UNGUARDED_AVAILABILITY = YES_AGGRESSIVE;
				CLANG_WARN_UNREACHABLE_CODE = YES;
				CLANG_WARN__DUPLICATE_METHOD_MATCH = YES;
				CODE_SIGN_IDENTITY = "iPhone Developer";
				COPY_PHASE_STRIP = NO;
				DEBUG_INFORMATION_FORMAT = dwarf;
				ENABLE_STRICT_OBJC_MSGSEND = YES;
				ENABLE_TESTABILITY = YES;
				GCC_C_LANGUAGE_STANDARD = gnu11;
				GCC_DYNAMIC_NO_PIC = NO;
				GCC_NO_COMMON_BLOCKS = YES;
				GCC_OPTIMIZATION_LEVEL = 0;
				GCC_PREPROCESSOR_DEFINITIONS = (
					"DEBUG=1",
					"$(inherited)",
				);
				GCC_WARN_64_TO_32_BIT_CONVERSION = YES;
				GCC_WARN_ABOUT_RETURN_TYPE = YES_ERROR;
				GCC_WARN_UNDECLARED_SELECTOR = YES;
				GCC_WARN_UNINITIALIZED_AUTOS = YES_AGGRESSIVE;
				GCC_WARN_UNUSED_FUNCTION = YES;
				GCC_WARN_UNUSED_VARIABLE = YES;
				IPHONEOS_DEPLOYMENT_TARGET = 11.0;
				MTL_ENABLE_DEBUG_INFO = YES;
				ONLY_ACTIVE_ARCH = YES;
				SDKROOT = iphoneos;
				SWIFT_ACTIVE_COMPILATION_CONDITIONS = DEBUG;
				SWIFT_OPTIMIZATION_LEVEL = "-Onone";
			};
			name = Debug;
		};
		1648D7BA208CAA8D00C698C5 /* Release */ = {
			isa = XCBuildConfiguration;
			buildSettings = {
				ALWAYS_SEARCH_USER_PATHS = NO;
				CLANG_ANALYZER_NONNULL = YES;
				CLANG_ANALYZER_NUMBER_OBJECT_CONVERSION = YES_AGGRESSIVE;
				CLANG_CXX_LANGUAGE_STANDARD = "gnu++14";
				CLANG_CXX_LIBRARY = "libc++";
				CLANG_ENABLE_MODULES = YES;
				CLANG_ENABLE_OBJC_ARC = YES;
				CLANG_WARN_BLOCK_CAPTURE_AUTORELEASING = YES;
				CLANG_WARN_BOOL_CONVERSION = YES;
				CLANG_WARN_COMMA = YES;
				CLANG_WARN_CONSTANT_CONVERSION = YES;
				CLANG_WARN_DIRECT_OBJC_ISA_USAGE = YES_ERROR;
				CLANG_WARN_DOCUMENTATION_COMMENTS = YES;
				CLANG_WARN_EMPTY_BODY = YES;
				CLANG_WARN_ENUM_CONVERSION = YES;
				CLANG_WARN_INFINITE_RECURSION = YES;
				CLANG_WARN_INT_CONVERSION = YES;
				CLANG_WARN_NON_LITERAL_NULL_CONVERSION = YES;
				CLANG_WARN_OBJC_LITERAL_CONVERSION = YES;
				CLANG_WARN_OBJC_ROOT_CLASS = YES_ERROR;
				CLANG_WARN_RANGE_LOOP_ANALYSIS = YES;
				CLANG_WARN_STRICT_PROTOTYPES = YES;
				CLANG_WARN_SUSPICIOUS_MOVE = YES;
				CLANG_WARN_UNGUARDED_AVAILABILITY = YES_AGGRESSIVE;
				CLANG_WARN_UNREACHABLE_CODE = YES;
				CLANG_WARN__DUPLICATE_METHOD_MATCH = YES;
				CODE_SIGN_IDENTITY = "iPhone Developer";
				COPY_PHASE_STRIP = NO;
				DEBUG_INFORMATION_FORMAT = "dwarf-with-dsym";
				ENABLE_NS_ASSERTIONS = NO;
				ENABLE_STRICT_OBJC_MSGSEND = YES;
				GCC_C_LANGUAGE_STANDARD = gnu11;
				GCC_NO_COMMON_BLOCKS = YES;
				GCC_WARN_64_TO_32_BIT_CONVERSION = YES;
				GCC_WARN_ABOUT_RETURN_TYPE = YES_ERROR;
				GCC_WARN_UNDECLARED_SELECTOR = YES;
				GCC_WARN_UNINITIALIZED_AUTOS = YES_AGGRESSIVE;
				GCC_WARN_UNUSED_FUNCTION = YES;
				GCC_WARN_UNUSED_VARIABLE = YES;
				IPHONEOS_DEPLOYMENT_TARGET = 11.0;
				MTL_ENABLE_DEBUG_INFO = NO;
				SDKROOT = iphoneos;
				SWIFT_OPTIMIZATION_LEVEL = "-Owholemodule";
				VALIDATE_PRODUCT = YES;
			};
			name = Release;
		};
		1648D7BC208CAA8D00C698C5 /* Debug */ = {
			isa = XCBuildConfiguration;
			baseConfigurationReference = BD2C8A3D708B9B3FE09F355A /* Pods-FinalProject.debug.xcconfig */;
			buildSettings = {
				ASSETCATALOG_COMPILER_APPICON_NAME = AppIcon;
				CODE_SIGN_STYLE = Automatic;
				DEVELOPMENT_TEAM = 4WCHB3P8BK;
				INFOPLIST_FILE = FinalProject/Info.plist;
				LD_RUNPATH_SEARCH_PATHS = "$(inherited) @executable_path/Frameworks";
				PRODUCT_BUNDLE_IDENTIFIER = com.cherrypick.FinalProject;
				PRODUCT_NAME = "$(TARGET_NAME)";
				SWIFT_VERSION = 4.0;
				TARGETED_DEVICE_FAMILY = "1,2";
			};
			name = Debug;
		};
		1648D7BD208CAA8D00C698C5 /* Release */ = {
			isa = XCBuildConfiguration;
			baseConfigurationReference = D18A2AEABC5EAF28774F6115 /* Pods-FinalProject.release.xcconfig */;
			buildSettings = {
				ASSETCATALOG_COMPILER_APPICON_NAME = AppIcon;
				CODE_SIGN_STYLE = Automatic;
				DEVELOPMENT_TEAM = 4WCHB3P8BK;
				INFOPLIST_FILE = FinalProject/Info.plist;
				LD_RUNPATH_SEARCH_PATHS = "$(inherited) @executable_path/Frameworks";
				PRODUCT_BUNDLE_IDENTIFIER = com.cherrypick.FinalProject;
				PRODUCT_NAME = "$(TARGET_NAME)";
				SWIFT_VERSION = 4.0;
				TARGETED_DEVICE_FAMILY = "1,2";
			};
			name = Release;
		};
/* End XCBuildConfiguration section */

/* Begin XCConfigurationList section */
		162F65EF208CC90800E7D0C3 /* Build configuration list for PBXNativeTarget "FinalProjectTests" */ = {
			isa = XCConfigurationList;
			buildConfigurations = (
				162F65ED208CC90800E7D0C3 /* Debug */,
				162F65EE208CC90800E7D0C3 /* Release */,
			);
			defaultConfigurationIsVisible = 0;
			defaultConfigurationName = Release;
		};
		1648D7A4208CAA8D00C698C5 /* Build configuration list for PBXProject "FinalProject" */ = {
			isa = XCConfigurationList;
			buildConfigurations = (
				1648D7B9208CAA8D00C698C5 /* Debug */,
				1648D7BA208CAA8D00C698C5 /* Release */,
			);
			defaultConfigurationIsVisible = 0;
			defaultConfigurationName = Release;
		};
		1648D7BB208CAA8D00C698C5 /* Build configuration list for PBXNativeTarget "FinalProject" */ = {
			isa = XCConfigurationList;
			buildConfigurations = (
				1648D7BC208CAA8D00C698C5 /* Debug */,
				1648D7BD208CAA8D00C698C5 /* Release */,
			);
			defaultConfigurationIsVisible = 0;
			defaultConfigurationName = Release;
		};
/* End XCConfigurationList section */
	};
	rootObject = 1648D7A1208CAA8D00C698C5 /* Project object */;
}
